// !$*UTF8*$!
{
	archiveVersion = 1;
	classes = {
	};
	objectVersion = 56;
	objects = {

/* Begin PBXBuildFile section */
		124D03462C83B90D0009C3CA /* AppDelegate.swift in Sources */ = {isa = PBXBuildFile; fileRef = 124D03452C83B90D0009C3CA /* AppDelegate.swift */; };
		124D03482C83B90D0009C3CA /* SceneDelegate.swift in Sources */ = {isa = PBXBuildFile; fileRef = 124D03472C83B90D0009C3CA /* SceneDelegate.swift */; };
		124D034A2C83B90D0009C3CA /* ViewController.swift in Sources */ = {isa = PBXBuildFile; fileRef = 124D03492C83B90D0009C3CA /* ViewController.swift */; };
		124D034D2C83B90D0009C3CA /* Base in Resources */ = {isa = PBXBuildFile; fileRef = 124D034C2C83B90D0009C3CA /* Base */; };
		124D034F2C83B90F0009C3CA /* Assets.xcassets in Resources */ = {isa = PBXBuildFile; fileRef = 124D034E2C83B90F0009C3CA /* Assets.xcassets */; };
		124D03522C83B90F0009C3CA /* Base in Resources */ = {isa = PBXBuildFile; fileRef = 124D03512C83B90F0009C3CA /* Base */; };
		124D035D2C83C2490009C3CA /* MenuModel.swift in Sources */ = {isa = PBXBuildFile; fileRef = 124D035C2C83C2490009C3CA /* MenuModel.swift */; };
		124D03612C83C58A0009C3CA /* MenuDataSource.swift in Sources */ = {isa = PBXBuildFile; fileRef = 124D03602C83C58A0009C3CA /* MenuDataSource.swift */; };
		124D03632C83C9860009C3CA /* MenuController.swift in Sources */ = {isa = PBXBuildFile; fileRef = 124D03622C83C9860009C3CA /* MenuController.swift */; };
		124D03672C83D0600009C3CA /* MenuCollectionViewCell.swift in Sources */ = {isa = PBXBuildFile; fileRef = 124D03652C83D0600009C3CA /* MenuCollectionViewCell.swift */; };
		124D03682C83D0600009C3CA /* MenuCollectionViewCell.xib in Resources */ = {isa = PBXBuildFile; fileRef = 124D03662C83D0600009C3CA /* MenuCollectionViewCell.xib */; };
/* End PBXBuildFile section */

/* Begin PBXFileReference section */
		124D03422C83B90D0009C3CA /* CollectionViewDiffableDataSource.app */ = {isa = PBXFileReference; explicitFileType = wrapper.application; includeInIndex = 0; path = CollectionViewDiffableDataSource.app; sourceTree = BUILT_PRODUCTS_DIR; };
		124D03452C83B90D0009C3CA /* AppDelegate.swift */ = {isa = PBXFileReference; lastKnownFileType = sourcecode.swift; path = AppDelegate.swift; sourceTree = "<group>"; };
		124D03472C83B90D0009C3CA /* SceneDelegate.swift */ = {isa = PBXFileReference; lastKnownFileType = sourcecode.swift; path = SceneDelegate.swift; sourceTree = "<group>"; };
		124D03492C83B90D0009C3CA /* ViewController.swift */ = {isa = PBXFileReference; lastKnownFileType = sourcecode.swift; path = ViewController.swift; sourceTree = "<group>"; };
		124D034C2C83B90D0009C3CA /* Base */ = {isa = PBXFileReference; lastKnownFileType = file.storyboard; name = Base; path = Base.lproj/Main.storyboard; sourceTree = "<group>"; };
		124D034E2C83B90F0009C3CA /* Assets.xcassets */ = {isa = PBXFileReference; lastKnownFileType = folder.assetcatalog; path = Assets.xcassets; sourceTree = "<group>"; };
		124D03512C83B90F0009C3CA /* Base */ = {isa = PBXFileReference; lastKnownFileType = file.storyboard; name = Base; path = Base.lproj/LaunchScreen.storyboard; sourceTree = "<group>"; };
		124D03532C83B90F0009C3CA /* Info.plist */ = {isa = PBXFileReference; lastKnownFileType = text.plist.xml; path = Info.plist; sourceTree = "<group>"; };
		124D035C2C83C2490009C3CA /* MenuModel.swift */ = {isa = PBXFileReference; lastKnownFileType = sourcecode.swift; path = MenuModel.swift; sourceTree = "<group>"; };
		124D03602C83C58A0009C3CA /* MenuDataSource.swift */ = {isa = PBXFileReference; lastKnownFileType = sourcecode.swift; path = MenuDataSource.swift; sourceTree = "<group>"; };
		124D03622C83C9860009C3CA /* MenuController.swift */ = {isa = PBXFileReference; lastKnownFileType = sourcecode.swift; path = MenuController.swift; sourceTree = "<group>"; };
		124D03652C83D0600009C3CA /* MenuCollectionViewCell.swift */ = {isa = PBXFileReference; lastKnownFileType = sourcecode.swift; path = MenuCollectionViewCell.swift; sourceTree = "<group>"; };
		124D03662C83D0600009C3CA /* MenuCollectionViewCell.xib */ = {isa = PBXFileReference; lastKnownFileType = file.xib; path = MenuCollectionViewCell.xib; sourceTree = "<group>"; };
/* End PBXFileReference section */

/* Begin PBXFrameworksBuildPhase section */
		124D033F2C83B90D0009C3CA /* Frameworks */ = {
			isa = PBXFrameworksBuildPhase;
			buildActionMask = 2147483647;
			files = (
			);
			runOnlyForDeploymentPostprocessing = 0;
		};
/* End PBXFrameworksBuildPhase section */

/* Begin PBXGroup section */
		124D03392C83B90D0009C3CA = {
			isa = PBXGroup;
			children = (
				124D03442C83B90D0009C3CA /* CollectionViewDiffableDataSource */,
				124D03432C83B90D0009C3CA /* Products */,
			);
			sourceTree = "<group>";
		};
		124D03432C83B90D0009C3CA /* Products */ = {
			isa = PBXGroup;
			children = (
				124D03422C83B90D0009C3CA /* CollectionViewDiffableDataSource.app */,
			);
			name = Products;
			sourceTree = "<group>";
		};
		124D03442C83B90D0009C3CA /* CollectionViewDiffableDataSource */ = {
			isa = PBXGroup;
			children = (
				124D035E2C83C5170009C3CA /* DataSource */,
				124D03592C83BB3F0009C3CA /* Models */,
				124D035B2C83BB520009C3CA /* Views */,
				124D035A2C83BB450009C3CA /* Controllers */,
				124D03452C83B90D0009C3CA /* AppDelegate.swift */,
				124D03472C83B90D0009C3CA /* SceneDelegate.swift */,
				124D034E2C83B90F0009C3CA /* Assets.xcassets */,
				124D03502C83B90F0009C3CA /* LaunchScreen.storyboard */,
				124D03532C83B90F0009C3CA /* Info.plist */,
			);
			path = CollectionViewDiffableDataSource;
			sourceTree = "<group>";
		};
		124D03592C83BB3F0009C3CA /* Models */ = {
			isa = PBXGroup;
			children = (
				124D035C2C83C2490009C3CA /* MenuModel.swift */,
			);
			path = Models;
			sourceTree = "<group>";
		};
		124D035A2C83BB450009C3CA /* Controllers */ = {
			isa = PBXGroup;
			children = (
				124D03622C83C9860009C3CA /* MenuController.swift */,
			);
			path = Controllers;
			sourceTree = "<group>";
		};
		124D035B2C83BB520009C3CA /* Views */ = {
			isa = PBXGroup;
			children = (
				124D03642C83D0090009C3CA /* Cells */,
				124D03492C83B90D0009C3CA /* ViewController.swift */,
				124D034B2C83B90D0009C3CA /* Main.storyboard */,
			);
			path = Views;
			sourceTree = "<group>";
		};
		124D035E2C83C5170009C3CA /* DataSource */ = {
			isa = PBXGroup;
			children = (
				124D03602C83C58A0009C3CA /* MenuDataSource.swift */,
			);
			path = DataSource;
			sourceTree = "<group>";
		};
		124D03642C83D0090009C3CA /* Cells */ = {
			isa = PBXGroup;
			children = (
				124D03652C83D0600009C3CA /* MenuCollectionViewCell.swift */,
				124D03662C83D0600009C3CA /* MenuCollectionViewCell.xib */,
			);
			path = Cells;
			sourceTree = "<group>";
		};
/* End PBXGroup section */

/* Begin PBXNativeTarget section */
		124D03412C83B90D0009C3CA /* CollectionViewDiffableDataSource */ = {
			isa = PBXNativeTarget;
			buildConfigurationList = 124D03562C83B90F0009C3CA /* Build configuration list for PBXNativeTarget "CollectionViewDiffableDataSource" */;
			buildPhases = (
				124D033E2C83B90D0009C3CA /* Sources */,
				124D033F2C83B90D0009C3CA /* Frameworks */,
				124D03402C83B90D0009C3CA /* Resources */,
			);
			buildRules = (
			);
			dependencies = (
			);
			name = CollectionViewDiffableDataSource;
			productName = CollectionViewDiffableDataSource;
			productReference = 124D03422C83B90D0009C3CA /* CollectionViewDiffableDataSource.app */;
			productType = "com.apple.product-type.application";
		};
/* End PBXNativeTarget section */

/* Begin PBXProject section */
		124D033A2C83B90D0009C3CA /* Project object */ = {
			isa = PBXProject;
			attributes = {
				BuildIndependentTargetsInParallel = 1;
				LastSwiftUpdateCheck = 1540;
				LastUpgradeCheck = 1540;
				TargetAttributes = {
					124D03412C83B90D0009C3CA = {
						CreatedOnToolsVersion = 15.4;
					};
				};
			};
			buildConfigurationList = 124D033D2C83B90D0009C3CA /* Build configuration list for PBXProject "CollectionViewDiffableDataSource" */;
			compatibilityVersion = "Xcode 14.0";
			developmentRegion = en;
			hasScannedForEncodings = 0;
			knownRegions = (
				en,
				Base,
			);
			mainGroup = 124D03392C83B90D0009C3CA;
			productRefGroup = 124D03432C83B90D0009C3CA /* Products */;
			projectDirPath = "";
			projectRoot = "";
			targets = (
				124D03412C83B90D0009C3CA /* CollectionViewDiffableDataSource */,
			);
		};
/* End PBXProject section */

/* Begin PBXResourcesBuildPhase section */
		124D03402C83B90D0009C3CA /* Resources */ = {
			isa = PBXResourcesBuildPhase;
			buildActionMask = 2147483647;
			files = (
				124D034F2C83B90F0009C3CA /* Assets.xcassets in Resources */,
				124D03522C83B90F0009C3CA /* Base in Resources */,
				124D034D2C83B90D0009C3CA /* Base in Resources */,
				124D03682C83D0600009C3CA /* MenuCollectionViewCell.xib in Resources */,
			);
			runOnlyForDeploymentPostprocessing = 0;
		};
/* End PBXResourcesBuildPhase section */

/* Begin PBXSourcesBuildPhase section */
		124D033E2C83B90D0009C3CA /* Sources */ = {
			isa = PBXSourcesBuildPhase;
			buildActionMask = 2147483647;
			files = (
				124D035D2C83C2490009C3CA /* MenuModel.swift in Sources */,
				124D03672C83D0600009C3CA /* MenuCollectionViewCell.swift in Sources */,
				124D03612C83C58A0009C3CA /* MenuDataSource.swift in Sources */,
				124D034A2C83B90D0009C3CA /* ViewController.swift in Sources */,
				124D03462C83B90D0009C3CA /* AppDelegate.swift in Sources */,
				124D03632C83C9860009C3CA /* MenuController.swift in Sources */,
				124D03482C83B90D0009C3CA /* SceneDelegate.swift in Sources */,
			);
			runOnlyForDeploymentPostprocessing = 0;
		};
/* End PBXSourcesBuildPhase section */

/* Begin PBXVariantGroup section */
		124D034B2C83B90D0009C3CA /* Main.storyboard */ = {
			isa = PBXVariantGroup;
			children = (
				124D034C2C83B90D0009C3CA /* Base */,
			);
			name = Main.storyboard;
			sourceTree = "<group>";
		};
		124D03502C83B90F0009C3CA /* LaunchScreen.storyboard */ = {
			isa = PBXVariantGroup;
			children = (
				124D03512C83B90F0009C3CA /* Base */,
			);
			name = LaunchScreen.storyboard;
			sourceTree = "<group>";
		};
/* End PBXVariantGroup section */

/* Begin XCBuildConfiguration section */
		124D03542C83B90F0009C3CA /* Debug */ = {
			isa = XCBuildConfiguration;
			buildSettings = {
				ALWAYS_SEARCH_USER_PATHS = NO;
				ASSETCATALOG_COMPILER_GENERATE_SWIFT_ASSET_SYMBOL_EXTENSIONS = YES;
				CLANG_ANALYZER_NONNULL = YES;
				CLANG_ANALYZER_NUMBER_OBJECT_CONVERSION = YES_AGGRESSIVE;
				CLANG_CXX_LANGUAGE_STANDARD = "gnu++20";
				CLANG_ENABLE_MODULES = YES;
				CLANG_ENABLE_OBJC_ARC = YES;
				CLANG_ENABLE_OBJC_WEAK = YES;
				CLANG_WARN_BLOCK_CAPTURE_AUTORELEASING = YES;
				CLANG_WARN_BOOL_CONVERSION = YES;
				CLANG_WARN_COMMA = YES;
				CLANG_WARN_CONSTANT_CONVERSION = YES;
				CLANG_WARN_DEPRECATED_OBJC_IMPLEMENTATIONS = YES;
				CLANG_WARN_DIRECT_OBJC_ISA_USAGE = YES_ERROR;
				CLANG_WARN_DOCUMENTATION_COMMENTS = YES;
				CLANG_WARN_EMPTY_BODY = YES;
				CLANG_WARN_ENUM_CONVERSION = YES;
				CLANG_WARN_INFINITE_RECURSION = YES;
				CLANG_WARN_INT_CONVERSION = YES;
				CLANG_WARN_NON_LITERAL_NULL_CONVERSION = YES;
				CLANG_WARN_OBJC_IMPLICIT_RETAIN_SELF = YES;
				CLANG_WARN_OBJC_LITERAL_CONVERSION = YES;
				CLANG_WARN_OBJC_ROOT_CLASS = YES_ERROR;
				CLANG_WARN_QUOTED_INCLUDE_IN_FRAMEWORK_HEADER = YES;
				CLANG_WARN_RANGE_LOOP_ANALYSIS = YES;
				CLANG_WARN_STRICT_PROTOTYPES = YES;
				CLANG_WARN_SUSPICIOUS_MOVE = YES;
				CLANG_WARN_UNGUARDED_AVAILABILITY = YES_AGGRESSIVE;
				CLANG_WARN_UNREACHABLE_CODE = YES;
				CLANG_WARN__DUPLICATE_METHOD_MATCH = YES;
				COPY_PHASE_STRIP = NO;
				DEBUG_INFORMATION_FORMAT = dwarf;
				ENABLE_STRICT_OBJC_MSGSEND = YES;
				ENABLE_TESTABILITY = YES;
				ENABLE_USER_SCRIPT_SANDBOXING = YES;
				GCC_C_LANGUAGE_STANDARD = gnu17;
				GCC_DYNAMIC_NO_PIC = NO;
				GCC_NO_COMMON_BLOCKS = YES;
				GCC_OPTIMIZATION_LEVEL = 0;
				GCC_PREPROCESSOR_DEFINITIONS = (
					"DEBUG=1",
					"$(inherited)",
				);
				GCC_WARN_64_TO_32_BIT_CONVERSION = YES;
				GCC_WARN_ABOUT_RETURN_TYPE = YES_ERROR;
				GCC_WARN_UNDECLARED_SELECTOR = YES;
				GCC_WARN_UNINITIALIZED_AUTOS = YES_AGGRESSIVE;
				GCC_WARN_UNUSED_FUNCTION = YES;
				GCC_WARN_UNUSED_VARIABLE = YES;
				IPHONEOS_DEPLOYMENT_TARGET = 17.5;
				LOCALIZATION_PREFERS_STRING_CATALOGS = YES;
				MTL_ENABLE_DEBUG_INFO = INCLUDE_SOURCE;
				MTL_FAST_MATH = YES;
				ONLY_ACTIVE_ARCH = YES;
				SDKROOT = iphoneos;
				SWIFT_ACTIVE_COMPILATION_CONDITIONS = "DEBUG $(inherited)";
				SWIFT_OPTIMIZATION_LEVEL = "-Onone";
			};
			name = Debug;
		};
		124D03552C83B90F0009C3CA /* Release */ = {
			isa = XCBuildConfiguration;
			buildSettings = {
				ALWAYS_SEARCH_USER_PATHS = NO;
				ASSETCATALOG_COMPILER_GENERATE_SWIFT_ASSET_SYMBOL_EXTENSIONS = YES;
				CLANG_ANALYZER_NONNULL = YES;
				CLANG_ANALYZER_NUMBER_OBJECT_CONVERSION = YES_AGGRESSIVE;
				CLANG_CXX_LANGUAGE_STANDARD = "gnu++20";
				CLANG_ENABLE_MODULES = YES;
				CLANG_ENABLE_OBJC_ARC = YES;
				CLANG_ENABLE_OBJC_WEAK = YES;
				CLANG_WARN_BLOCK_CAPTURE_AUTORELEASING = YES;
				CLANG_WARN_BOOL_CONVERSION = YES;
				CLANG_WARN_COMMA = YES;
				CLANG_WARN_CONSTANT_CONVERSION = YES;
				CLANG_WARN_DEPRECATED_OBJC_IMPLEMENTATIONS = YES;
				CLANG_WARN_DIRECT_OBJC_ISA_USAGE = YES_ERROR;
				CLANG_WARN_DOCUMENTATION_COMMENTS = YES;
				CLANG_WARN_EMPTY_BODY = YES;
				CLANG_WARN_ENUM_CONVERSION = YES;
				CLANG_WARN_INFINITE_RECURSION = YES;
				CLANG_WARN_INT_CONVERSION = YES;
				CLANG_WARN_NON_LITERAL_NULL_CONVERSION = YES;
				CLANG_WARN_OBJC_IMPLICIT_RETAIN_SELF = YES;
				CLANG_WARN_OBJC_LITERAL_CONVERSION = YES;
				CLANG_WARN_OBJC_ROOT_CLASS = YES_ERROR;
				CLANG_WARN_QUOTED_INCLUDE_IN_FRAMEWORK_HEADER = YES;
				CLANG_WARN_RANGE_LOOP_ANALYSIS = YES;
				CLANG_WARN_STRICT_PROTOTYPES = YES;
				CLANG_WARN_SUSPICIOUS_MOVE = YES;
				CLANG_WARN_UNGUARDED_AVAILABILITY = YES_AGGRESSIVE;
				CLANG_WARN_UNREACHABLE_CODE = YES;
				CLANG_WARN__DUPLICATE_METHOD_MATCH = YES;
				COPY_PHASE_STRIP = NO;
				DEBUG_INFORMATION_FORMAT = "dwarf-with-dsym";
				ENABLE_NS_ASSERTIONS = NO;
				ENABLE_STRICT_OBJC_MSGSEND = YES;
				ENABLE_USER_SCRIPT_SANDBOXING = YES;
				GCC_C_LANGUAGE_STANDARD = gnu17;
				GCC_NO_COMMON_BLOCKS = YES;
				GCC_WARN_64_TO_32_BIT_CONVERSION = YES;
				GCC_WARN_ABOUT_RETURN_TYPE = YES_ERROR;
				GCC_WARN_UNDECLARED_SELECTOR = YES;
				GCC_WARN_UNINITIALIZED_AUTOS = YES_AGGRESSIVE;
				GCC_WARN_UNUSED_FUNCTION = YES;
				GCC_WARN_UNUSED_VARIABLE = YES;
				IPHONEOS_DEPLOYMENT_TARGET = 17.5;
				LOCALIZATION_PREFERS_STRING_CATALOGS = YES;
				MTL_ENABLE_DEBUG_INFO = NO;
				MTL_FAST_MATH = YES;
				SDKROOT = iphoneos;
				SWIFT_COMPILATION_MODE = wholemodule;
				VALIDATE_PRODUCT = YES;
			};
			name = Release;
		};
		124D03572C83B90F0009C3CA /* Debug */ = {
			isa = XCBuildConfiguration;
			buildSettings = {
				ASSETCATALOG_COMPILER_APPICON_NAME = AppIcon;
				ASSETCATALOG_COMPILER_GLOBAL_ACCENT_COLOR_NAME = AccentColor;
				CODE_SIGN_STYLE = Automatic;
				CURRENT_PROJECT_VERSION = 1;
				GENERATE_INFOPLIST_FILE = YES;
				INFOPLIST_FILE = CollectionViewDiffableDataSource/Info.plist;
				INFOPLIST_KEY_UIApplicationSupportsIndirectInputEvents = YES;
				INFOPLIST_KEY_UILaunchStoryboardName = LaunchScreen;
				INFOPLIST_KEY_UIMainStoryboardFile = Main;
				INFOPLIST_KEY_UISupportedInterfaceOrientations_iPad = "UIInterfaceOrientationPortrait UIInterfaceOrientationPortraitUpsideDown UIInterfaceOrientationLandscapeLeft UIInterfaceOrientationLandscapeRight";
				INFOPLIST_KEY_UISupportedInterfaceOrientations_iPhone = "UIInterfaceOrientationPortrait UIInterfaceOrientationLandscapeLeft UIInterfaceOrientationLandscapeRight";
				LD_RUNPATH_SEARCH_PATHS = (
					"$(inherited)",
					"@executable_path/Frameworks",
				);
				MARKETING_VERSION = 1.0;
				PRODUCT_BUNDLE_IDENTIFIER = Mango.CollectionViewDiffableDataSource;
				PRODUCT_NAME = "$(TARGET_NAME)";
				SUPPORTED_PLATFORMS = "iphoneos iphonesimulator";
				SUPPORTS_MACCATALYST = NO;
				SUPPORTS_MAC_DESIGNED_FOR_IPHONE_IPAD = NO;
				SUPPORTS_XR_DESIGNED_FOR_IPHONE_IPAD = NO;
				SWIFT_EMIT_LOC_STRINGS = YES;
				SWIFT_VERSION = 5.0;
				TARGETED_DEVICE_FAMILY = "1,2";
			};
			name = Debug;
		};
		124D03582C83B90F0009C3CA /* Release */ = {
			isa = XCBuildConfiguration;
			buildSettings = {
				ASSETCATALOG_COMPILER_APPICON_NAME = AppIcon;
				ASSETCATALOG_COMPILER_GLOBAL_ACCENT_COLOR_NAME = AccentColor;
				CODE_SIGN_STYLE = Automatic;
				CURRENT_PROJECT_VERSION = 1;
				GENERATE_INFOPLIST_FILE = YES;
				INFOPLIST_FILE = CollectionViewDiffableDataSource/Info.plist;
				INFOPLIST_KEY_UIApplicationSupportsIndirectInputEvents = YES;
				INFOPLIST_KEY_UILaunchStoryboardName = LaunchScreen;
				INFOPLIST_KEY_UIMainStoryboardFile = Main;
				INFOPLIST_KEY_UISupportedInterfaceOrientations_iPad = "UIInterfaceOrientationPortrait UIInterfaceOrientationPortraitUpsideDown UIInterfaceOrientationLandscapeLeft UIInterfaceOrientationLandscapeRight";
				INFOPLIST_KEY_UISupportedInterfaceOrientations_iPhone = "UIInterfaceOrientationPortrait UIInterfaceOrientationLandscapeLeft UIInterfaceOrientationLandscapeRight";
				LD_RUNPATH_SEARCH_PATHS = (
					"$(inherited)",
					"@executable_path/Frameworks",
				);
				MARKETING_VERSION = 1.0;
				PRODUCT_BUNDLE_IDENTIFIER = Mango.CollectionViewDiffableDataSource;
				PRODUCT_NAME = "$(TARGET_NAME)";
				SUPPORTED_PLATFORMS = "iphoneos iphonesimulator";
				SUPPORTS_MACCATALYST = NO;
				SUPPORTS_MAC_DESIGNED_FOR_IPHONE_IPAD = NO;
				SUPPORTS_XR_DESIGNED_FOR_IPHONE_IPAD = NO;
				SWIFT_EMIT_LOC_STRINGS = YES;
				SWIFT_VERSION = 5.0;
				TARGETED_DEVICE_FAMILY = "1,2";
			};
			name = Release;
		};
/* End XCBuildConfiguration section */

/* Begin XCConfigurationList section */
		124D033D2C83B90D0009C3CA /* Build configuration list for PBXProject "CollectionViewDiffableDataSource" */ = {
			isa = XCConfigurationList;
			buildConfigurations = (
				124D03542C83B90F0009C3CA /* Debug */,
				124D03552C83B90F0009C3CA /* Release */,
			);
			defaultConfigurationIsVisible = 0;
			defaultConfigurationName = Release;
		};
		124D03562C83B90F0009C3CA /* Build configuration list for PBXNativeTarget "CollectionViewDiffableDataSource" */ = {
			isa = XCConfigurationList;
			buildConfigurations = (
				124D03572C83B90F0009C3CA /* Debug */,
				124D03582C83B90F0009C3CA /* Release */,
			);
			defaultConfigurationIsVisible = 0;
			defaultConfigurationName = Release;
		};
/* End XCConfigurationList section */
	};
	rootObject = 124D033A2C83B90D0009C3CA /* Project object */;
}
